lockfileVersion: '9.0'

settings:
  autoInstallPeers: true
  excludeLinksFromLockfile: false

importers:

  .:
    dependencies:
      '@vscode/codicons':
        specifier: ^0.0.43
        version: 0.0.43
      fast-xml-parser:
        specifier: ^4.5.0
        version: 4.5.3
      nanoid:
        specifier: ^5.1.6
        version: 5.1.6
      tree-kill:
        specifier: ^1.2.2
        version: 1.2.2
      typescript:
        specifier: ^5.9.3
        version: 5.9.3
      undici-types:
        specifier: ^6.21.0
        version: 6.21.0
    devDependencies:
      '@types/node':
        specifier: ^24.10.2
        version: 24.10.2
      '@types/vscode':
        specifier: ^1.96.0
        version: 1.106.1

packages:

  '@types/node@24.10.2':
    resolution: {integrity: sha512-WOhQTZ4G8xZ1tjJTvKOpyEVSGgOTvJAfDK3FNFgELyaTpzhdgHVHeqW8V+UJvzF5BT+/B54T/1S2K6gd9c7bbA==}

  '@types/vscode@1.106.1':
    resolution: {integrity: sha512-R/HV8u2h8CAddSbX8cjpdd7B8/GnE4UjgjpuGuHcbp1xV6yh4OeqU4L1pKjlwujCrSFS0MOpwJAIs/NexMB1fQ==}

  '@vscode/codicons@0.0.43':
    resolution: {integrity: sha512-8sf8WOBoZkyUi8ogCm5ycHJJGhwOEG3E9b64+JIx+m6bCExdkc30VwCwr94cXUU1opmRD0CTCWLcN46I8WLJIg==}

  fast-xml-parser@4.5.3:
    resolution: {integrity: sha512-RKihhV+SHsIUGXObeVy9AXiBbFwkVk7Syp8XgwN5U3JV416+Gwp/GO9i0JYKmikykgz/UHRrrV4ROuZEo/T0ig==}
    hasBin: true

  nanoid@5.1.6:
    resolution: {integrity: sha512-c7+7RQ+dMB5dPwwCp4ee1/iV/q2P6aK1mTZcfr1BTuVlyW9hJYiMPybJCcnBlQtuSmTIWNeazm/zqNoZSSElBg==}
    engines: {node: ^18 || >=20}
    hasBin: true

  strnum@1.1.2:
    resolution: {integrity: sha512-vrN+B7DBIoTTZjnPNewwhx6cBA/H+IS7rfW68n7XxC1y7uoiGQBxaKzqucGUgavX15dJgiGztLJ8vxuEzwqBdA==}

  tree-kill@1.2.2:
    resolution: {integrity: sha512-L0Orpi8qGpRG//Nd+H90vFB+3iHnue1zSSGmNOOCh1GLJ7rUKVwV2HvijphGQS2UmhUZewS9VgvxYIdgr+fG1A==}
    hasBin: true

  typescript@5.9.3:
    resolution: {integrity: sha512-jl1vZzPDinLr9eUt3J/t7V6FgNEw9QjvBPdysz9KfQDD41fQrC2Y4vKQdiaUpFT4bXlb1RHhLpp8wtm6M5TgSw==}
    engines: {node: '>=14.17'}
    hasBin: true

  undici-types@6.21.0:
    resolution: {integrity: sha512-iwDZqg0QAGrg9Rav5H4n0M64c3mkR59cJ6wQp+7C4nI0gsmExaedaYLNO44eT4AtBBwjbTiGPMlt2Md0T9H9JQ==}

  undici-types@7.16.0:
    resolution: {integrity: sha512-Zz+aZWSj8LE6zoxD+xrjh4VfkIG8Ya6LvYkZqtUQGJPZjYl53ypCaUwWqo7eI0x66KBGeRo+mlBEkMSeSZ38Nw==}

snapshots:

  '@types/node@24.10.2':
    dependencies:
      undici-types: 7.16.0

  '@types/vscode@1.106.1': {}

  '@vscode/codicons@0.0.43': {}

  fast-xml-parser@4.5.3:
    dependencies:
      strnum: 1.1.2

  nanoid@5.1.6: {}

  strnum@1.1.2: {}

  tree-kill@1.2.2: {}

  typescript@5.9.3: {}

  undici-types@6.21.0: {}

  undici-types@7.16.0: {}
